
Microsoft Visual Studio Solution File, Format Version 12.00
# Visual Studio 15
VisualStudioVersion = 15.0.26228.9
MinimumVisualStudioVersion = 10.0.40219.1
Project("{2150E333-8FDC-42A3-9474-1A3956D46DE8}") = "Solution Items", "Solution Items", "{D6E02270-64C0-458C-8946-91CC061BA4EF}"
	ProjectSection(SolutionItems) = preProject
		bootstrap.min.css = bootstrap.min.css
		bootstrap.min.js = bootstrap.min.js
		Forum.html = Forum.html
		Forum.js = Forum.js
		jquery-3.1.1.slim.min.js = jquery-3.1.1.slim.min.js
		tether.min.js = tether.min.js
	EndProjectSection
EndProject
Global
	GlobalSection(SolutionProperties) = preSolution
		HideSolutionNode = FALSE
	EndGlobalSection
EndGlobal
